
Microsoft Visual Studio Solution File, Format Version 12.00
# Visual Studio Version 17
VisualStudioVersion = 17.2.32602.215
MinimumVisualStudioVersion = 10.0.40219.1
Project("{FAE04EC0-301F-11D3-BF4B-00C04F79EFBC}") = "Phone_Book", "Phone_Book\Phone_Book.csproj", "{B9E1A4FF-EB4B-44CD-8D3D-4C60DE6FD7EE}"
EndProject
Global
	GlobalSection(SolutionConfigurationPlatforms) = preSolution
		Debug|Any CPU = Debug|Any CPU
		Release|Any CPU = Release|Any CPU
	EndGlobalSection
	GlobalSection(ProjectConfigurationPlatforms) = postSolution
		{B9E1A4FF-EB4B-44CD-8D3D-4C60DE6FD7EE}.Debug|Any CPU.ActiveCfg = Debug|Any CPU
		{B9E1A4FF-EB4B-44CD-8D3D-4C60DE6FD7EE}.Debug|Any CPU.Build.0 = Debug|Any CPU
		{B9E1A4FF-EB4B-44CD-8D3D-4C60DE6FD7EE}.Release|Any CPU.ActiveCfg = Release|Any CPU
		{B9E1A4FF-EB4B-44CD-8D3D-4C60DE6FD7EE}.Release|Any CPU.Build.0 = Release|Any CPU
	EndGlobalSection
	GlobalSection(SolutionProperties) = preSolution
		HideSolutionNode = FALSE
	EndGlobalSection
	GlobalSection(ExtensibilityGlobals) = postSolution
		SolutionGuid = {542CE358-9E3F-4330-B12F-14DD8A06D9C1}
	EndGlobalSection
EndGlobal
